
Microsoft Visual Studio Solution File, Format Version 12.00
# Visual Studio 15
VisualStudioVersion = 15.0.27703.2000
MinimumVisualStudioVersion = 10.0.40219.1
Project("{FAE04EC0-301F-11D3-BF4B-00C04F79EFBC}") = "FileSystemHW", "FileSystemHW\FileSystemHW.csproj", "{71D9E5EF-2767-455A-83CB-B6E952C503BB}"
EndProject
Project("{FAE04EC0-301F-11D3-BF4B-00C04F79EFBC}") = "Loger", "Loger\Loger.csproj", "{C0127952-C4DD-4A99-9645-941411DCEAB2}"
EndProject
Global
	GlobalSection(SolutionConfigurationPlatforms) = preSolution
		Debug|Any CPU = Debug|Any CPU
		Release|Any CPU = Release|Any CPU
	EndGlobalSection
	GlobalSection(ProjectConfigurationPlatforms) = postSolution
		{71D9E5EF-2767-455A-83CB-B6E952C503BB}.Debug|Any CPU.ActiveCfg = Debug|Any CPU
		{71D9E5EF-2767-455A-83CB-B6E952C503BB}.Debug|Any CPU.Build.0 = Debug|Any CPU
		{71D9E5EF-2767-455A-83CB-B6E952C503BB}.Release|Any CPU.ActiveCfg = Release|Any CPU
		{71D9E5EF-2767-455A-83CB-B6E952C503BB}.Release|Any CPU.Build.0 = Release|Any CPU
		{C0127952-C4DD-4A99-9645-941411DCEAB2}.Debug|Any CPU.ActiveCfg = Debug|Any CPU
		{C0127952-C4DD-4A99-9645-941411DCEAB2}.Debug|Any CPU.Build.0 = Debug|Any CPU
		{C0127952-C4DD-4A99-9645-941411DCEAB2}.Release|Any CPU.ActiveCfg = Release|Any CPU
		{C0127952-C4DD-4A99-9645-941411DCEAB2}.Release|Any CPU.Build.0 = Release|Any CPU
	EndGlobalSection
	GlobalSection(SolutionProperties) = preSolution
		HideSolutionNode = FALSE
	EndGlobalSection
	GlobalSection(ExtensibilityGlobals) = postSolution
		SolutionGuid = {DE91FEF0-6308-419D-83C9-56D9421F35EF}
	EndGlobalSection
EndGlobal
